
Microsoft Visual Studio Solution File, Format Version 12.00
# Visual Studio Version 17
VisualStudioVersion = 17.5.33516.290
MinimumVisualStudioVersion = 10.0.40219.1
Project("{8BC9CEB8-8B4A-11D0-8D11-00A0C91BC942}") = "CalcFactorial", "CalcFactorial\CalcFactorial.vcxproj", "{5D97AEAD-F87A-4515-B471-904C7A4F23D2}"
EndProject
Global
	GlobalSection(SolutionConfigurationPlatforms) = preSolution
		Debug|x64 = Debug|x64
		Debug|x86 = Debug|x86
		Release|x64 = Release|x64
		Release|x86 = Release|x86
	EndGlobalSection
	GlobalSection(ProjectConfigurationPlatforms) = postSolution
		{5D97AEAD-F87A-4515-B471-904C7A4F23D2}.Debug|x64.ActiveCfg = Debug|x64
		{5D97AEAD-F87A-4515-B471-904C7A4F23D2}.Debug|x64.Build.0 = Debug|x64
		{5D97AEAD-F87A-4515-B471-904C7A4F23D2}.Debug|x86.ActiveCfg = Debug|Win32
		{5D97AEAD-F87A-4515-B471-904C7A4F23D2}.Debug|x86.Build.0 = Debug|Win32
		{5D97AEAD-F87A-4515-B471-904C7A4F23D2}.Release|x64.ActiveCfg = Release|x64
		{5D97AEAD-F87A-4515-B471-904C7A4F23D2}.Release|x64.Build.0 = Release|x64
		{5D97AEAD-F87A-4515-B471-904C7A4F23D2}.Release|x86.ActiveCfg = Release|Win32
		{5D97AEAD-F87A-4515-B471-904C7A4F23D2}.Release|x86.Build.0 = Release|Win32
	EndGlobalSection
	GlobalSection(SolutionProperties) = preSolution
		HideSolutionNode = FALSE
	EndGlobalSection
	GlobalSection(ExtensibilityGlobals) = postSolution
		SolutionGuid = {92E0AF47-CDF7-48F9-A18F-E4E42BFB764D}
	EndGlobalSection
EndGlobal
